
Microsoft Visual Studio Solution File, Format Version 12.00
# Visual Studio 2013
VisualStudioVersion = 12.0.31101.0
MinimumVisualStudioVersion = 10.0.40219.1
Project("{8BC9CEB8-8B4A-11D0-8D11-00A0C91BC942}") = "Hello World", "Hello World.vcxproj", "{5E74CC50-B963-43A4-832E-8D75D6F07D5F}"
EndProject
Global
	GlobalSection(SolutionConfigurationPlatforms) = preSolution
		Debug|Win32 = Debug|Win32
		Release|Win32 = Release|Win32
	EndGlobalSection
	GlobalSection(ProjectConfigurationPlatforms) = postSolution
		{5E74CC50-B963-43A4-832E-8D75D6F07D5F}.Debug|Win32.ActiveCfg = Debug|Win32
		{5E74CC50-B963-43A4-832E-8D75D6F07D5F}.Debug|Win32.Build.0 = Debug|Win32
		{5E74CC50-B963-43A4-832E-8D75D6F07D5F}.Release|Win32.ActiveCfg = Release|Win32
		{5E74CC50-B963-43A4-832E-8D75D6F07D5F}.Release|Win32.Build.0 = Release|Win32
	EndGlobalSection
	GlobalSection(SolutionProperties) = preSolution
		HideSolutionNode = FALSE
	EndGlobalSection
EndGlobal
